
Microsoft Visual Studio Solution File, Format Version 12.00
# Visual Studio Version 16
VisualStudioVersion = 16.0.33027.164
MinimumVisualStudioVersion = 10.0.40219.1
Project("{FAE04EC0-301F-11D3-BF4B-00C04F79EFBC}") = "lab4ex5", "lab4ex5\lab4ex5.csproj", "{F526BDDA-ED99-469F-A794-B9351A5D5A0E}"
EndProject
Global
	GlobalSection(SolutionConfigurationPlatforms) = preSolution
		Debug|Any CPU = Debug|Any CPU
		Release|Any CPU = Release|Any CPU
	EndGlobalSection
	GlobalSection(ProjectConfigurationPlatforms) = postSolution
		{F526BDDA-ED99-469F-A794-B9351A5D5A0E}.Debug|Any CPU.ActiveCfg = Debug|Any CPU
		{F526BDDA-ED99-469F-A794-B9351A5D5A0E}.Debug|Any CPU.Build.0 = Debug|Any CPU
		{F526BDDA-ED99-469F-A794-B9351A5D5A0E}.Release|Any CPU.ActiveCfg = Release|Any CPU
		{F526BDDA-ED99-469F-A794-B9351A5D5A0E}.Release|Any CPU.Build.0 = Release|Any CPU
	EndGlobalSection
	GlobalSection(SolutionProperties) = preSolution
		HideSolutionNode = FALSE
	EndGlobalSection
	GlobalSection(ExtensibilityGlobals) = postSolution
		SolutionGuid = {6A906584-A354-49C2-BA99-038E0CCD022E}
	EndGlobalSection
EndGlobal
